{
  "name": "harmony-ops-test-js",
  "version": "1.0.0",
  "lockfileVersion": 1,
  "requires": true,
  "dependencies": {
    "@harmony-js/account": {
      "version": "0.1.36",
      "resolved": "https://registry.npmjs.org/@harmony-js/account/-/account-0.1.36.tgz",
      "integrity": "sha512-3pPLLb5ry9YBIL7TAZKUIjLIqf3P7hl0L9XrVFZmoAp80TNPlrXPf+uErSxZhTJIXuMSJ7a6/8zL/hdpMkM87w==",
      "requires": {
        "@harmony-js/core": "0.1.36",
        "@harmony-js/crypto": "0.1.35",
        "@harmony-js/network": "0.1.35",
        "@harmony-js/staking": "0.1.36",
        "@harmony-js/transaction": "0.1.35",
        "@harmony-js/utils": "0.1.35"
      }
    },
    "@harmony-js/contract": {
      "version": "0.1.36",
      "resolved": "https://registry.npmjs.org/@harmony-js/contract/-/contract-0.1.36.tgz",
      "integrity": "sha512-5rHycTS4nrcp4aHUkyMzBaJLWg4DSIrVGYbxO8tNgpZiYc+lLgk+hWx3walDlkzn0CRfv+h3GZwmJ/4Kx7XWhg==",
      "requires": {
        "@harmony-js/account": "0.1.36",
        "@harmony-js/crypto": "0.1.35",
        "@harmony-js/network": "0.1.35",
        "@harmony-js/transaction": "0.1.35",
        "@harmony-js/utils": "0.1.35"
      }
    },
    "@harmony-js/core": {
      "version": "0.1.36",
      "resolved": "https://registry.npmjs.org/@harmony-js/core/-/core-0.1.36.tgz",
      "integrity": "sha512-DX74VLarAm6x9VnWAsizf64YuVCU6uuDuNFjE6PjgkahrWRosptzXgaGxGVacmiu6PVYz0BkS0yn7FYCE86wog==",
      "requires": {
        "@harmony-js/account": "0.1.36",
        "@harmony-js/contract": "0.1.36",
        "@harmony-js/crypto": "0.1.35",
        "@harmony-js/network": "0.1.35",
        "@harmony-js/staking": "0.1.36",
        "@harmony-js/transaction": "0.1.35",
        "@harmony-js/utils": "0.1.35"
      }
    },
    "@harmony-js/crypto": {
      "version": "0.1.35",
      "resolved": "https://registry.npmjs.org/@harmony-js/crypto/-/crypto-0.1.35.tgz",
      "integrity": "sha512-es6WbCc6TxMhcmCLNswN3/nfAaYYkpkRbYdWaWgRvlZ+B+R7OzIhu2L8Ykv0QYmZaoDjMoHDDIo+IwNZVoql+w==",
      "requires": {
        "@harmony-js/utils": "0.1.35",
        "aes-js": "^3.1.2",
        "bip39": "^2.5.0",
        "bn.js": "^4.11.8",
        "elliptic": "^6.4.1",
        "hdkey": "^1.1.1",
        "hmac-drbg": "^1.0.1",
        "js-sha3": "^0.8.0",
        "pbkdf2": "^3.0.17",
        "scrypt-shim": "github:web3-js/scrypt-shim",
        "uuid": "^3.3.2"
      }
    },
    "@harmony-js/network": {
      "version": "0.1.35",
      "resolved": "https://registry.npmjs.org/@harmony-js/network/-/network-0.1.35.tgz",
      "integrity": "sha512-WwciXqcWnw0qissrWoiL5h4yR+mzOxtzbRfY5kKZKHH46HcVnmIGaw0ldlV359gUxZiiXqAK/m8s+XK3IQAniw==",
      "requires": {
        "@harmony-js/utils": "0.1.35",
        "cross-fetch": "^3.0.2",
        "mitt": "1.2.0",
        "websocket": "^1.0.28"
      }
    },
    "@harmony-js/staking": {
      "version": "0.1.36",
      "resolved": "https://registry.npmjs.org/@harmony-js/staking/-/staking-0.1.36.tgz",
      "integrity": "sha512-SVBTt9zpMO6J9gdeKsXwrWq7206zaNIcwa+czCitb5j5ByXfvLlpk0EbFxVZDjwdgogin5VxN+KfcRqX97EIrQ==",
      "requires": {
        "@harmony-js/crypto": "0.1.35",
        "@harmony-js/network": "0.1.35",
        "@harmony-js/transaction": "0.1.35",
        "@harmony-js/utils": "0.1.35",
        "text-encoding": "^0.7.0"
      }
    },
    "@harmony-js/transaction": {
      "version": "0.1.35",
      "resolved": "https://registry.npmjs.org/@harmony-js/transaction/-/transaction-0.1.35.tgz",
      "integrity": "sha512-0UbijzOsN14+6tbEckX7OPq2ej2bbCJR7Y6deVnFFc4SBRu5MxWFy7oMeZj6E6kr4q7M3IsI0hNHtTjQhQnc9A==",
      "requires": {
        "@harmony-js/crypto": "0.1.35",
        "@harmony-js/network": "0.1.35",
        "@harmony-js/utils": "0.1.35"
      }
    },
    "@harmony-js/utils": {
      "version": "0.1.35",
      "resolved": "https://registry.npmjs.org/@harmony-js/utils/-/utils-0.1.35.tgz",
      "integrity": "sha512-SCNyGUc81edD8sQF+JoM7FdUhGg/2MGYh6EOhWu3cPcD0y+yJUPOYM6nZBq2Rz58yaRLJK+N/3A4CGXJWeeb6w==",
      "requires": {
        "@types/bn.js": "^4.11.3",
        "bn.js": "^4.11.8"
      }
    },
    "@types/bn.js": {
      "version": "4.11.5",
      "resolved": "https://registry.npmjs.org/@types/bn.js/-/bn.js-4.11.5.tgz",
      "integrity": "sha512-AEAZcIZga0JgVMHNtl1CprA/hXX7/wPt79AgR4XqaDt7jyj3QWYw6LPoOiznPtugDmlubUnAahMs2PFxGcQrng==",
      "requires": {
        "@types/node": "*"
      }
    },
    "@types/node": {
      "version": "12.12.14",
      "resolved": "https://registry.npmjs.org/@types/node/-/node-12.12.14.tgz",
      "integrity": "sha512-u/SJDyXwuihpwjXy7hOOghagLEV1KdAST6syfnOk6QZAMzZuWZqXy5aYYZbh8Jdpd4escVFP0MvftHNDb9pruA=="
    },
    "aes-js": {
      "version": "3.1.2",
      "resolved": "https://registry.npmjs.org/aes-js/-/aes-js-3.1.2.tgz",
      "integrity": "sha512-e5pEa2kBnBOgR4Y/p20pskXI74UEz7de8ZGVo58asOtvSVG5YAbJeELPZxOmt+Bnz3rX753YKhfIn4X4l1PPRQ=="
    },
    "bindings": {
      "version": "1.5.0",
      "resolved": "https://registry.npmjs.org/bindings/-/bindings-1.5.0.tgz",
      "integrity": "sha512-p2q/t/mhvuOj/UeLlV6566GD/guowlr0hHxClI0W9m7MWYkL1F0hLo+0Aexs9HSPCtR1SXQ0TD3MMKrXZajbiQ==",
      "requires": {
        "file-uri-to-path": "1.0.0"
      }
    },
    "bip39": {
      "version": "2.6.0",
      "resolved": "https://registry.npmjs.org/bip39/-/bip39-2.6.0.tgz",
      "integrity": "sha512-RrnQRG2EgEoqO24ea+Q/fftuPUZLmrEM3qNhhGsA3PbaXaCW791LTzPuVyx/VprXQcTbPJ3K3UeTna8ZnVl2sg==",
      "requires": {
        "create-hash": "^1.1.0",
        "pbkdf2": "^3.0.9",
        "randombytes": "^2.0.1",
        "safe-buffer": "^5.0.1",
        "unorm": "^1.3.3"
      }
    },
    "bip66": {
      "version": "1.1.5",
      "resolved": "https://registry.npmjs.org/bip66/-/bip66-1.1.5.tgz",
      "integrity": "sha1-AfqHSHhcpwlV1QESF9GzE5lpyiI=",
      "requires": {
        "safe-buffer": "^5.0.1"
      }
    },
    "bn.js": {
      "version": "4.11.8",
      "resolved": "https://registry.npmjs.org/bn.js/-/bn.js-4.11.8.tgz",
      "integrity": "sha512-ItfYfPLkWHUjckQCk8xC+LwxgK8NYcXywGigJgSwOP8Y2iyWT4f2vsZnoOXTTbo+o5yXmIUJ4gn5538SO5S3gA=="
    },
    "brorand": {
      "version": "1.1.0",
      "resolved": "https://registry.npmjs.org/brorand/-/brorand-1.1.0.tgz",
      "integrity": "sha1-EsJe/kCkXjwyPrhnWgoM5XsiNx8="
    },
    "browserify-aes": {
      "version": "1.2.0",
      "resolved": "https://registry.npmjs.org/browserify-aes/-/browserify-aes-1.2.0.tgz",
      "integrity": "sha512-+7CHXqGuspUn/Sl5aO7Ea0xWGAtETPXNSAjHo48JfLdPWcMng33Xe4znFvQweqc/uzk5zSOI3H52CYnjCfb5hA==",
      "requires": {
        "buffer-xor": "^1.0.3",
        "cipher-base": "^1.0.0",
        "create-hash": "^1.1.0",
        "evp_bytestokey": "^1.0.3",
        "inherits": "^2.0.1",
        "safe-buffer": "^5.0.1"
      }
    },
    "bs58": {
      "version": "2.0.1",
      "resolved": "https://registry.npmjs.org/bs58/-/bs58-2.0.1.tgz",
      "integrity": "sha1-VZCNWPGYKrogCPob7Y+RmYopv40="
    },
    "buffer-xor": {
      "version": "1.0.3",
      "resolved": "https://registry.npmjs.org/buffer-xor/-/buffer-xor-1.0.3.tgz",
      "integrity": "sha1-JuYe0UIvtw3ULm42cp7VHYVf6Nk="
    },
    "cipher-base": {
      "version": "1.0.4",
      "resolved": "https://registry.npmjs.org/cipher-base/-/cipher-base-1.0.4.tgz",
      "integrity": "sha512-Kkht5ye6ZGmwv40uUDZztayT2ThLQGfnj/T71N/XzeZeo3nf8foyW7zGTsPYkEya3m5f3cAypH+qe7YOrM1U2Q==",
      "requires": {
        "inherits": "^2.0.1",
        "safe-buffer": "^5.0.1"
      }
    },
    "coinstring": {
      "version": "2.3.0",
      "resolved": "https://registry.npmjs.org/coinstring/-/coinstring-2.3.0.tgz",
      "integrity": "sha1-zbYzY6lhUCQEolr7gsLibV/2J6Q=",
      "requires": {
        "bs58": "^2.0.1",
        "create-hash": "^1.1.1"
      }
    },
    "create-hash": {
      "version": "1.2.0",
      "resolved": "https://registry.npmjs.org/create-hash/-/create-hash-1.2.0.tgz",
      "integrity": "sha512-z00bCGNHDG8mHAkP7CtT1qVu+bFQUPjYq/4Iv3C3kWjTFV10zIjfSoeqXo9Asws8gwSHDGj/hl2u4OGIjapeCg==",
      "requires": {
        "cipher-base": "^1.0.1",
        "inherits": "^2.0.1",
        "md5.js": "^1.3.4",
        "ripemd160": "^2.0.1",
        "sha.js": "^2.4.0"
      }
    },
    "create-hmac": {
      "version": "1.1.7",
      "resolved": "https://registry.npmjs.org/create-hmac/-/create-hmac-1.1.7.tgz",
      "integrity": "sha512-MJG9liiZ+ogc4TzUwuvbER1JRdgvUFSB5+VR/g5h82fGaIRWMWddtKBHi7/sVhfjQZ6SehlyhvQYrcYkaUIpLg==",
      "requires": {
        "cipher-base": "^1.0.3",
        "create-hash": "^1.1.0",
        "inherits": "^2.0.1",
        "ripemd160": "^2.0.0",
        "safe-buffer": "^5.0.1",
        "sha.js": "^2.4.8"
      }
    },
    "cross-fetch": {
      "version": "3.1.8",
      "resolved": "https://registry.npmjs.org/cross-fetch/-/cross-fetch-3.1.8.tgz",
      "integrity": "sha512-cvA+JwZoU0Xq+h6WkMvAUqPEYy92Obet6UdKLfW60qn99ftItKjB5T+BkyWOFWe2pUyfQ+IJHmpOTznqk1M6Kg==",
      "requires": {
        "node-fetch": "^2.6.12"
      },
      "dependencies": {
        "node-fetch": {
          "version": "2.6.12",
          "resolved": "https://registry.npmjs.org/node-fetch/-/node-fetch-2.6.12.tgz",
          "integrity": "sha512-C/fGU2E8ToujUivIO0H+tpQ6HWo4eEmchoPIoXtxCrVghxdKq+QOHqEZW7tuP3KlV3bC8FRMO5nMCC7Zm1VP6g==",
          "requires": {
            "whatwg-url": "^5.0.0"
          }
        }
      }
    },
    "debug": {
      "version": "2.6.9",
      "resolved": "https://registry.npmjs.org/debug/-/debug-2.6.9.tgz",
      "integrity": "sha512-bC7ElrdJaJnPbAP+1EotYvqZsb3ecl5wi6Bfi6BJTUcNowp6cvspg0jXznRTKDjm/E7AdgFBVeAPVMNcKGsHMA==",
      "requires": {
        "ms": "2.0.0"
      }
    },
    "drbg.js": {
      "version": "1.0.1",
      "resolved": "https://registry.npmjs.org/drbg.js/-/drbg.js-1.0.1.tgz",
      "integrity": "sha1-Pja2xCs3BDgjzbwzLVjzHiRFSAs=",
      "requires": {
        "browserify-aes": "^1.0.6",
        "create-hash": "^1.1.2",
        "create-hmac": "^1.1.4"
      }
    },
    "elliptic": {
      "version": "6.5.3",
      "resolved": "https://registry.npmjs.org/elliptic/-/elliptic-6.5.3.tgz",
      "integrity": "sha512-IMqzv5wNQf+E6aHeIqATs0tOLeOTwj1QKbRcS3jBbYkl5oLAserA8yJTT7/VyHUYG91PRmPyeQDObKLPpeS4dw==",
      "requires": {
        "bn.js": "^4.4.0",
        "brorand": "^1.0.1",
        "hash.js": "^1.0.0",
        "hmac-drbg": "^1.0.0",
        "inherits": "^2.0.1",
        "minimalistic-assert": "^1.0.0",
        "minimalistic-crypto-utils": "^1.0.0"
      }
    },
    "evp_bytestokey": {
      "version": "1.0.3",
      "resolved": "https://registry.npmjs.org/evp_bytestokey/-/evp_bytestokey-1.0.3.tgz",
      "integrity": "sha512-/f2Go4TognH/KvCISP7OUsHn85hT9nUkxxA9BEWxFn+Oj9o8ZNLm/40hdlgSLyuOimsrTKLUMEorQexp/aPQeA==",
      "requires": {
        "md5.js": "^1.3.4",
        "safe-buffer": "^5.1.1"
      }
    },
    "file-uri-to-path": {
      "version": "1.0.0",
      "resolved": "https://registry.npmjs.org/file-uri-to-path/-/file-uri-to-path-1.0.0.tgz",
      "integrity": "sha512-0Zt+s3L7Vf1biwWZ29aARiVYLx7iMGnEUl9x33fbB/j3jR81u/O2LbqK+Bm1CDSNDKVtJ/YjwY7TUd5SkeLQLw=="
    },
    "hash-base": {
      "version": "3.0.4",
      "resolved": "https://registry.npmjs.org/hash-base/-/hash-base-3.0.4.tgz",
      "integrity": "sha1-X8hoaEfs1zSZQDMZprCj8/auSRg=",
      "requires": {
        "inherits": "^2.0.1",
        "safe-buffer": "^5.0.1"
      }
    },
    "hash.js": {
      "version": "1.1.7",
      "resolved": "https://registry.npmjs.org/hash.js/-/hash.js-1.1.7.tgz",
      "integrity": "sha512-taOaskGt4z4SOANNseOviYDvjEJinIkRgmp7LbKP2YTTmVxWBl87s/uzK9r+44BclBSp2X7K1hqeNfz9JbBeXA==",
      "requires": {
        "inherits": "^2.0.3",
        "minimalistic-assert": "^1.0.1"
      }
    },
    "hdkey": {
      "version": "1.1.1",
      "resolved": "https://registry.npmjs.org/hdkey/-/hdkey-1.1.1.tgz",
      "integrity": "sha512-DvHZ5OuavsfWs5yfVJZestsnc3wzPvLWNk6c2nRUfo6X+OtxypGt20vDDf7Ba+MJzjL3KS1og2nw2eBbLCOUTA==",
      "requires": {
        "coinstring": "^2.0.0",
        "safe-buffer": "^5.1.1",
        "secp256k1": "^3.0.1"
      }
    },
    "hmac-drbg": {
      "version": "1.0.1",
      "resolved": "https://registry.npmjs.org/hmac-drbg/-/hmac-drbg-1.0.1.tgz",
      "integrity": "sha1-0nRXAQJabHdabFRXk+1QL8DGSaE=",
      "requires": {
        "hash.js": "^1.0.3",
        "minimalistic-assert": "^1.0.0",
        "minimalistic-crypto-utils": "^1.0.1"
      }
    },
    "inherits": {
      "version": "2.0.4",
      "resolved": "https://registry.npmjs.org/inherits/-/inherits-2.0.4.tgz",
      "integrity": "sha512-k/vGaX4/Yla3WzyMCvTQOXYeIHvqOKtnqBduzTHpzpQZzAskKMhZ2K+EnBiSM9zGSoIFeMpXKxa4dYeZIQqewQ=="
    },
    "is-typedarray": {
      "version": "1.0.0",
      "resolved": "https://registry.npmjs.org/is-typedarray/-/is-typedarray-1.0.0.tgz",
      "integrity": "sha1-5HnICFjfDBsR3dppQPlgEfzaSpo="
    },
    "js-sha3": {
      "version": "0.8.0",
      "resolved": "https://registry.npmjs.org/js-sha3/-/js-sha3-0.8.0.tgz",
      "integrity": "sha512-gF1cRrHhIzNfToc802P800N8PpXS+evLLXfsVpowqmAFR9uwbi89WvXg2QspOmXL8QL86J4T1EpFu+yUkwJY3Q=="
    },
    "md5.js": {
      "version": "1.3.5",
      "resolved": "https://registry.npmjs.org/md5.js/-/md5.js-1.3.5.tgz",
      "integrity": "sha512-xitP+WxNPcTTOgnTJcrhM0xvdPepipPSf3I8EIpGKeFLjt3PlJLIDG3u8EX53ZIubkb+5U2+3rELYpEhHhzdkg==",
      "requires": {
        "hash-base": "^3.0.0",
        "inherits": "^2.0.1",
        "safe-buffer": "^5.1.2"
      }
    },
    "minimalistic-assert": {
      "version": "1.0.1",
      "resolved": "https://registry.npmjs.org/minimalistic-assert/-/minimalistic-assert-1.0.1.tgz",
      "integrity": "sha512-UtJcAD4yEaGtjPezWuO9wC4nwUnVH/8/Im3yEHQP4b67cXlD/Qr9hdITCU1xDbSEXg2XKNaP8jsReV7vQd00/A=="
    },
    "minimalistic-crypto-utils": {
      "version": "1.0.1",
      "resolved": "https://registry.npmjs.org/minimalistic-crypto-utils/-/minimalistic-crypto-utils-1.0.1.tgz",
      "integrity": "sha1-9sAMHAsIIkblxNmd+4x8CDsrWCo="
    },
    "mitt": {
      "version": "1.2.0",
      "resolved": "https://registry.npmjs.org/mitt/-/mitt-1.2.0.tgz",
      "integrity": "sha512-r6lj77KlwqLhIUku9UWYes7KJtsczvolZkzp8hbaDPPaE24OmWl5s539Mytlj22siEQKosZ26qCBgda2PKwoJw=="
    },
    "ms": {
      "version": "2.0.0",
      "resolved": "https://registry.npmjs.org/ms/-/ms-2.0.0.tgz",
      "integrity": "sha1-VgiurfwAvmwpAd9fmGF4jeDVl8g="
    },
    "nan": {
      "version": "2.14.0",
      "resolved": "https://registry.npmjs.org/nan/-/nan-2.14.0.tgz",
      "integrity": "sha512-INOFj37C7k3AfaNTtX8RhsTw7qRy7eLET14cROi9+5HAVbbHuIWUHEauBv5qT4Av2tWasiTY1Jw6puUNqRJXQg=="
    },
    "pbkdf2": {
      "version": "3.0.17",
      "resolved": "https://registry.npmjs.org/pbkdf2/-/pbkdf2-3.0.17.tgz",
      "integrity": "sha512-U/il5MsrZp7mGg3mSQfn742na2T+1/vHDCG5/iTI3X9MKUuYUZVLQhyRsg06mCgDBTd57TxzgZt7P+fYfjRLtA==",
      "requires": {
        "create-hash": "^1.1.2",
        "create-hmac": "^1.1.4",
        "ripemd160": "^2.0.1",
        "safe-buffer": "^5.0.1",
        "sha.js": "^2.4.8"
      }
    },
    "randombytes": {
      "version": "2.1.0",
      "resolved": "https://registry.npmjs.org/randombytes/-/randombytes-2.1.0.tgz",
      "integrity": "sha512-vYl3iOX+4CKUWuxGi9Ukhie6fsqXqS9FE2Zaic4tNFD2N2QQaXOMFbuKK4QmDHC0JO6B1Zp41J0LpT0oR68amQ==",
      "requires": {
        "safe-buffer": "^5.1.0"
      }
    },
    "ripemd160": {
      "version": "2.0.2",
      "resolved": "https://registry.npmjs.org/ripemd160/-/ripemd160-2.0.2.tgz",
      "integrity": "sha512-ii4iagi25WusVoiC4B4lq7pbXfAp3D9v5CwfkY33vffw2+pkDjY1D8GaN7spsxvCSx8dkPqOZCEZyfxcmJG2IA==",
      "requires": {
        "hash-base": "^3.0.0",
        "inherits": "^2.0.1"
      }
    },
    "safe-buffer": {
      "version": "5.2.0",
      "resolved": "https://registry.npmjs.org/safe-buffer/-/safe-buffer-5.2.0.tgz",
      "integrity": "sha512-fZEwUGbVl7kouZs1jCdMLdt95hdIv0ZeHg6L7qPeciMZhZ+/gdesW4wgTARkrFWEpspjEATAzUGPG8N2jJiwbg=="
    },
    "scrypt-shim": {
      "version": "github:web3-js/scrypt-shim#be5e616323a8b5e568788bf94d03c1b8410eac54",
      "from": "github:web3-js/scrypt-shim",
      "requires": {
        "scryptsy": "^2.1.0",
        "semver": "^6.3.0"
      }
    },
    "scryptsy": {
      "version": "2.1.0",
      "resolved": "https://registry.npmjs.org/scryptsy/-/scryptsy-2.1.0.tgz",
      "integrity": "sha512-1CdSqHQowJBnMAFyPEBRfqag/YP9OF394FV+4YREIJX4ljD7OxvQRDayyoyyCk+senRjSkP6VnUNQmVQqB6g7w=="
    },
    "secp256k1": {
      "version": "3.7.1",
      "resolved": "https://registry.npmjs.org/secp256k1/-/secp256k1-3.7.1.tgz",
      "integrity": "sha512-1cf8sbnRreXrQFdH6qsg2H71Xw91fCCS9Yp021GnUNJzWJS/py96fS4lHbnTnouLp08Xj6jBoBB6V78Tdbdu5g==",
      "requires": {
        "bindings": "^1.5.0",
        "bip66": "^1.1.5",
        "bn.js": "^4.11.8",
        "create-hash": "^1.2.0",
        "drbg.js": "^1.0.1",
        "elliptic": "^6.4.1",
        "nan": "^2.14.0",
        "safe-buffer": "^5.1.2"
      }
    },
    "semver": {
      "version": "6.3.0",
      "resolved": "https://registry.npmjs.org/semver/-/semver-6.3.0.tgz",
      "integrity": "sha512-b39TBaTSfV6yBrapU89p5fKekE2m/NwnDocOVruQFS1/veMgdzuPcnOM34M6CwxW8jH/lxEa5rBoDeUwu5HHTw=="
    },
    "sha.js": {
      "version": "2.4.11",
      "resolved": "https://registry.npmjs.org/sha.js/-/sha.js-2.4.11.tgz",
      "integrity": "sha512-QMEp5B7cftE7APOjk5Y6xgrbWu+WkLVQwk8JNjZ8nKRciZaByEW6MubieAiToS7+dwvrjGhH8jRXz3MVd0AYqQ==",
      "requires": {
        "inherits": "^2.0.1",
        "safe-buffer": "^5.0.1"
      }
    },
    "text-encoding": {
      "version": "0.7.0",
      "resolved": "https://registry.npmjs.org/text-encoding/-/text-encoding-0.7.0.tgz",
      "integrity": "sha512-oJQ3f1hrOnbRLOcwKz0Liq2IcrvDeZRHXhd9RgLrsT+DjWY/nty1Hi7v3dtkaEYbPYe0mUoOfzRrMwfXXwgPUA=="
    },
    "tr46": {
      "version": "0.0.3",
      "resolved": "https://registry.npmjs.org/tr46/-/tr46-0.0.3.tgz",
      "integrity": "sha512-N3WMsuqV66lT30CrXNbEjx4GEwlow3v6rr4mCcv6prnfwhS01rkgyFdjPNBYd9br7LpXV1+Emh01fHnq2Gdgrw=="
    },
    "tslib": {
      "version": "1.10.0",
      "resolved": "https://registry.npmjs.org/tslib/-/tslib-1.10.0.tgz",
      "integrity": "sha512-qOebF53frne81cf0S9B41ByenJ3/IuH8yJKngAX35CmiZySA0khhkovshKK+jGCaMnVomla7gVlIcc3EvKPbTQ=="
    },
    "typedarray-to-buffer": {
      "version": "3.1.5",
      "resolved": "https://registry.npmjs.org/typedarray-to-buffer/-/typedarray-to-buffer-3.1.5.tgz",
      "integrity": "sha512-zdu8XMNEDepKKR+XYOXAVPtWui0ly0NtohUscw+UmaHiAWT8hrV1rr//H6V+0DvJ3OQ19S979M0laLfX8rm82Q==",
      "requires": {
        "is-typedarray": "^1.0.0"
      }
    },
    "unorm": {
      "version": "1.6.0",
      "resolved": "https://registry.npmjs.org/unorm/-/unorm-1.6.0.tgz",
      "integrity": "sha512-b2/KCUlYZUeA7JFUuRJZPUtr4gZvBh7tavtv4fvk4+KV9pfGiR6CQAQAWl49ZpR3ts2dk4FYkP7EIgDJoiOLDA=="
    },
    "uuid": {
      "version": "3.3.3",
      "resolved": "https://registry.npmjs.org/uuid/-/uuid-3.3.3.tgz",
      "integrity": "sha512-pW0No1RGHgzlpHJO1nsVrHKpOEIxkGg1xB+v0ZmdNH5OAeAwzAVrCnI2/6Mtx+Uys6iaylxa+D3g4j63IKKjSQ=="
    },
    "webidl-conversions": {
      "version": "3.0.1",
      "resolved": "https://registry.npmjs.org/webidl-conversions/-/webidl-conversions-3.0.1.tgz",
      "integrity": "sha512-2JAn3z8AR6rjK8Sm8orRC0h/bcl/DqL7tRPdGZ4I1CjdF+EaMLmYxBHyXuKL849eucPFhvBoxMsflfOb8kxaeQ=="
    },
    "websocket": {
      "version": "1.0.30",
      "resolved": "https://registry.npmjs.org/websocket/-/websocket-1.0.30.tgz",
      "integrity": "sha512-aO6klgaTdSMkhfl5VVJzD5fm+Srhh5jLYbS15+OiI1sN6h/RU/XW6WN9J1uVIpUKNmsTvT3Hs35XAFjn9NMfOw==",
      "requires": {
        "debug": "^2.2.0",
        "nan": "^2.14.0",
        "typedarray-to-buffer": "^3.1.5",
        "yaeti": "^0.0.6"
      }
    },
    "whatwg-url": {
      "version": "5.0.0",
      "resolved": "https://registry.npmjs.org/whatwg-url/-/whatwg-url-5.0.0.tgz",
      "integrity": "sha512-saE57nupxk6v3HY35+jzBwYa0rKSy0XR8JSxZPwgLr7ys0IBzhGviA1/TUGJLmSVqs8pb9AnvICXEuOHLprYTw==",
      "requires": {
        "tr46": "~0.0.3",
        "webidl-conversions": "^3.0.0"
      }
    },
    "yaeti": {
      "version": "0.0.6",
      "resolved": "https://registry.npmjs.org/yaeti/-/yaeti-0.0.6.tgz",
      "integrity": "sha1-8m9ITXJoTPQr7ft2lwqhYI+/lXc="
    }
  }
}
